
Microsoft Visual Studio Solution File, Format Version 12.00
# Visual Studio Version 16
VisualStudioVersion = 16.0.29411.108
MinimumVisualStudioVersion = 10.0.40219.1
Project("{FAE04EC0-301F-11D3-BF4B-00C04F79EFBC}") = "FaceDetectionRecognition", "FaceDetectionRecognition\FaceDetectionRecognition.csproj", "{0B4D7683-1E23-446F-A9DF-D94B8206AA08}"
EndProject
Global
	GlobalSection(SolutionConfigurationPlatforms) = preSolution
		Debug|Any CPU = Debug|Any CPU
		Release|Any CPU = Release|Any CPU
	EndGlobalSection
	GlobalSection(ProjectConfigurationPlatforms) = postSolution
		{0B4D7683-1E23-446F-A9DF-D94B8206AA08}.Debug|Any CPU.ActiveCfg = Debug|Any CPU
		{0B4D7683-1E23-446F-A9DF-D94B8206AA08}.Debug|Any CPU.Build.0 = Debug|Any CPU
		{0B4D7683-1E23-446F-A9DF-D94B8206AA08}.Release|Any CPU.ActiveCfg = Release|Any CPU
		{0B4D7683-1E23-446F-A9DF-D94B8206AA08}.Release|Any CPU.Build.0 = Release|Any CPU
	EndGlobalSection
	GlobalSection(SolutionProperties) = preSolution
		HideSolutionNode = FALSE
	EndGlobalSection
	GlobalSection(ExtensibilityGlobals) = postSolution
		SolutionGuid = {C001F357-B08E-4386-9240-4FF1C4E0646C}
	EndGlobalSection
EndGlobal
